// !$*UTF8*$!
{
	archiveVersion = 1;
	classes = {
	};
	objectVersion = 55;
	objects = {

/* Begin PBXBuildFile section */
		177E2B802828C7170088B3CB /* KNU_MuseumApp.swift in Sources */ = {isa = PBXBuildFile; fileRef = 177E2B702828C7160088B3CB /* KNU_MuseumApp.swift */; };
		177E2B812828C7170088B3CB /* KNU_MuseumApp.swift in Sources */ = {isa = PBXBuildFile; fileRef = 177E2B702828C7160088B3CB /* KNU_MuseumApp.swift */; };
		177E2B822828C7170088B3CB /* ContentView.swift in Sources */ = {isa = PBXBuildFile; fileRef = 177E2B712828C7160088B3CB /* ContentView.swift */; };
		177E2B832828C7170088B3CB /* ContentView.swift in Sources */ = {isa = PBXBuildFile; fileRef = 177E2B712828C7160088B3CB /* ContentView.swift */; };
		177E2B842828C7170088B3CB /* Assets.xcassets in Resources */ = {isa = PBXBuildFile; fileRef = 177E2B722828C7170088B3CB /* Assets.xcassets */; };
		177E2B852828C7170088B3CB /* Assets.xcassets in Resources */ = {isa = PBXBuildFile; fileRef = 177E2B722828C7170088B3CB /* Assets.xcassets */; };
		CBAC4F5A282AB345005C0A82 /* TapModel.swift in Sources */ = {isa = PBXBuildFile; fileRef = CBAC4F59282AB345005C0A82 /* TapModel.swift */; };
		CBAC4F5B282AB345005C0A82 /* TapModel.swift in Sources */ = {isa = PBXBuildFile; fileRef = CBAC4F59282AB345005C0A82 /* TapModel.swift */; };
		CBCF77AB282A866300ADA3BA /* CustomTabBar.swift in Sources */ = {isa = PBXBuildFile; fileRef = CBCF77AA282A866200ADA3BA /* CustomTabBar.swift */; };
		CBCF77AC282A866300ADA3BA /* CustomTabBar.swift in Sources */ = {isa = PBXBuildFile; fileRef = CBCF77AA282A866200ADA3BA /* CustomTabBar.swift */; };
/* End PBXBuildFile section */

/* Begin PBXFileReference section */
		177E2B702828C7160088B3CB /* KNU_MuseumApp.swift */ = {isa = PBXFileReference; lastKnownFileType = sourcecode.swift; path = KNU_MuseumApp.swift; sourceTree = "<group>"; };
		177E2B712828C7160088B3CB /* ContentView.swift */ = {isa = PBXFileReference; lastKnownFileType = sourcecode.swift; path = ContentView.swift; sourceTree = "<group>"; };
		177E2B722828C7170088B3CB /* Assets.xcassets */ = {isa = PBXFileReference; lastKnownFileType = folder.assetcatalog; path = Assets.xcassets; sourceTree = "<group>"; };
		177E2B772828C7170088B3CB /* KNU Museum.app */ = {isa = PBXFileReference; explicitFileType = wrapper.application; includeInIndex = 0; path = "KNU Museum.app"; sourceTree = BUILT_PRODUCTS_DIR; };
		177E2B7D2828C7170088B3CB /* KNU Museum.app */ = {isa = PBXFileReference; explicitFileType = wrapper.application; includeInIndex = 0; path = "KNU Museum.app"; sourceTree = BUILT_PRODUCTS_DIR; };
		177E2B7F2828C7170088B3CB /* macOS.entitlements */ = {isa = PBXFileReference; lastKnownFileType = text.plist.entitlements; path = macOS.entitlements; sourceTree = "<group>"; };
		CBAC4F59282AB345005C0A82 /* TapModel.swift */ = {isa = PBXFileReference; lastKnownFileType = sourcecode.swift; path = TapModel.swift; sourceTree = "<group>"; };
		CBCF77AA282A866200ADA3BA /* CustomTabBar.swift */ = {isa = PBXFileReference; lastKnownFileType = sourcecode.swift; name = CustomTabBar.swift; path = ../../../../../Applications/CustomTabBar.swift; sourceTree = "<group>"; };
/* End PBXFileReference section */

/* Begin PBXFrameworksBuildPhase section */
		177E2B742828C7170088B3CB /* Frameworks */ = {
			isa = PBXFrameworksBuildPhase;
			buildActionMask = 2147483647;
			files = (
			);
			runOnlyForDeploymentPostprocessing = 0;
		};
		177E2B7A2828C7170088B3CB /* Frameworks */ = {
			isa = PBXFrameworksBuildPhase;
			buildActionMask = 2147483647;
			files = (
			);
			runOnlyForDeploymentPostprocessing = 0;
		};
/* End PBXFrameworksBuildPhase section */

/* Begin PBXGroup section */
		177E2B6A2828C7160088B3CB = {
			isa = PBXGroup;
			children = (
				177E2B6F2828C7160088B3CB /* Shared */,
				177E2B7E2828C7170088B3CB /* macOS */,
				177E2B782828C7170088B3CB /* Products */,
			);
			sourceTree = "<group>";
		};
		177E2B6F2828C7160088B3CB /* Shared */ = {
			isa = PBXGroup;
			children = (
				177E2B702828C7160088B3CB /* KNU_MuseumApp.swift */,
				177E2B712828C7160088B3CB /* ContentView.swift */,
				CBAC4F59282AB345005C0A82 /* TapModel.swift */,
				CBCF77AA282A866200ADA3BA /* CustomTabBar.swift */,
				177E2B722828C7170088B3CB /* Assets.xcassets */,
			);
			path = Shared;
			sourceTree = "<group>";
		};
		177E2B782828C7170088B3CB /* Products */ = {
			isa = PBXGroup;
			children = (
				177E2B772828C7170088B3CB /* KNU Museum.app */,
				177E2B7D2828C7170088B3CB /* KNU Museum.app */,
			);
			name = Products;
			sourceTree = "<group>";
		};
		177E2B7E2828C7170088B3CB /* macOS */ = {
			isa = PBXGroup;
			children = (
				177E2B7F2828C7170088B3CB /* macOS.entitlements */,
			);
			path = macOS;
			sourceTree = "<group>";
		};
/* End PBXGroup section */

/* Begin PBXNativeTarget section */
		177E2B762828C7170088B3CB /* KNU Museum (iOS) */ = {
			isa = PBXNativeTarget;
			buildConfigurationList = 177E2B882828C7170088B3CB /* Build configuration list for PBXNativeTarget "KNU Museum (iOS)" */;
			buildPhases = (
				177E2B732828C7170088B3CB /* Sources */,
				177E2B742828C7170088B3CB /* Frameworks */,
				177E2B752828C7170088B3CB /* Resources */,
			);
			buildRules = (
			);
			dependencies = (
			);
			name = "KNU Museum (iOS)";
			productName = "KNU Museum (iOS)";
			productReference = 177E2B772828C7170088B3CB /* KNU Museum.app */;
			productType = "com.apple.product-type.application";
		};
		177E2B7C2828C7170088B3CB /* KNU Museum (macOS) */ = {
			isa = PBXNativeTarget;
			buildConfigurationList = 177E2B8B2828C7170088B3CB /* Build configuration list for PBXNativeTarget "KNU Museum (macOS)" */;
			buildPhases = (
				177E2B792828C7170088B3CB /* Sources */,
				177E2B7A2828C7170088B3CB /* Frameworks */,
				177E2B7B2828C7170088B3CB /* Resources */,
			);
			buildRules = (
			);
			dependencies = (
			);
			name = "KNU Museum (macOS)";
			productName = "KNU Museum (macOS)";
			productReference = 177E2B7D2828C7170088B3CB /* KNU Museum.app */;
			productType = "com.apple.product-type.application";
		};
/* End PBXNativeTarget section */

/* Begin PBXProject section */
		177E2B6B2828C7160088B3CB /* Project object */ = {
			isa = PBXProject;
			attributes = {
				BuildIndependentTargetsInParallel = 1;
				LastSwiftUpdateCheck = 1330;
				LastUpgradeCheck = 1330;
				TargetAttributes = {
					177E2B762828C7170088B3CB = {
						CreatedOnToolsVersion = 13.3.1;
					};
					177E2B7C2828C7170088B3CB = {
						CreatedOnToolsVersion = 13.3.1;
					};
				};
			};
			buildConfigurationList = 177E2B6E2828C7160088B3CB /* Build configuration list for PBXProject "KNU Museum" */;
			compatibilityVersion = "Xcode 13.0";
			developmentRegion = en;
			hasScannedForEncodings = 0;
			knownRegions = (
				en,
				Base,
			);
			mainGroup = 177E2B6A2828C7160088B3CB;
			productRefGroup = 177E2B782828C7170088B3CB /* Products */;
			projectDirPath = "";
			projectRoot = "";
			targets = (
				177E2B762828C7170088B3CB /* KNU Museum (iOS) */,
				177E2B7C2828C7170088B3CB /* KNU Museum (macOS) */,
			);
		};
/* End PBXProject section */

/* Begin PBXResourcesBuildPhase section */
		177E2B752828C7170088B3CB /* Resources */ = {
			isa = PBXResourcesBuildPhase;
			buildActionMask = 2147483647;
			files = (
				177E2B842828C7170088B3CB /* Assets.xcassets in Resources */,
			);
			runOnlyForDeploymentPostprocessing = 0;
		};
		177E2B7B2828C7170088B3CB /* Resources */ = {
			isa = PBXResourcesBuildPhase;
			buildActionMask = 2147483647;
			files = (
				177E2B852828C7170088B3CB /* Assets.xcassets in Resources */,
			);
			runOnlyForDeploymentPostprocessing = 0;
		};
/* End PBXResourcesBuildPhase section */

/* Begin PBXSourcesBuildPhase section */
		177E2B732828C7170088B3CB /* Sources */ = {
			isa = PBXSourcesBuildPhase;
			buildActionMask = 2147483647;
			files = (
				CBCF77AB282A866300ADA3BA /* CustomTabBar.swift in Sources */,
				177E2B822828C7170088B3CB /* ContentView.swift in Sources */,
				177E2B802828C7170088B3CB /* KNU_MuseumApp.swift in Sources */,
				CBAC4F5A282AB345005C0A82 /* TapModel.swift in Sources */,
			);
			runOnlyForDeploymentPostprocessing = 0;
		};
		177E2B792828C7170088B3CB /* Sources */ = {
			isa = PBXSourcesBuildPhase;
			buildActionMask = 2147483647;
			files = (
				CBCF77AC282A866300ADA3BA /* CustomTabBar.swift in Sources */,
				177E2B832828C7170088B3CB /* ContentView.swift in Sources */,
				177E2B812828C7170088B3CB /* KNU_MuseumApp.swift in Sources */,
				CBAC4F5B282AB345005C0A82 /* TapModel.swift in Sources */,
			);
			runOnlyForDeploymentPostprocessing = 0;
		};
/* End PBXSourcesBuildPhase section */

/* Begin XCBuildConfiguration section */
		177E2B862828C7170088B3CB /* Debug */ = {
			isa = XCBuildConfiguration;
			buildSettings = {
				ALWAYS_SEARCH_USER_PATHS = NO;
				CLANG_ANALYZER_NONNULL = YES;
				CLANG_ANALYZER_NUMBER_OBJECT_CONVERSION = YES_AGGRESSIVE;
				CLANG_CXX_LANGUAGE_STANDARD = "gnu++17";
				CLANG_ENABLE_MODULES = YES;
				CLANG_ENABLE_OBJC_ARC = YES;
				CLANG_ENABLE_OBJC_WEAK = YES;
				CLANG_WARN_BLOCK_CAPTURE_AUTORELEASING = YES;
				CLANG_WARN_BOOL_CONVERSION = YES;
				CLANG_WARN_COMMA = YES;
				CLANG_WARN_CONSTANT_CONVERSION = YES;
				CLANG_WARN_DEPRECATED_OBJC_IMPLEMENTATIONS = YES;
				CLANG_WARN_DIRECT_OBJC_ISA_USAGE = YES_ERROR;
				CLANG_WARN_DOCUMENTATION_COMMENTS = YES;
				CLANG_WARN_EMPTY_BODY = YES;
				CLANG_WARN_ENUM_CONVERSION = YES;
				CLANG_WARN_INFINITE_RECURSION = YES;
				CLANG_WARN_INT_CONVERSION = YES;
				CLANG_WARN_NON_LITERAL_NULL_CONVERSION = YES;
				CLANG_WARN_OBJC_IMPLICIT_RETAIN_SELF = YES;
				CLANG_WARN_OBJC_LITERAL_CONVERSION = YES;
				CLANG_WARN_OBJC_ROOT_CLASS = YES_ERROR;
				CLANG_WARN_QUOTED_INCLUDE_IN_FRAMEWORK_HEADER = YES;
				CLANG_WARN_RANGE_LOOP_ANALYSIS = YES;
				CLANG_WARN_STRICT_PROTOTYPES = YES;
				CLANG_WARN_SUSPICIOUS_MOVE = YES;
				CLANG_WARN_UNGUARDED_AVAILABILITY = YES_AGGRESSIVE;
				CLANG_WARN_UNREACHABLE_CODE = YES;
				CLANG_WARN__DUPLICATE_METHOD_MATCH = YES;
				COPY_PHASE_STRIP = NO;
				DEBUG_INFORMATION_FORMAT = dwarf;
				ENABLE_STRICT_OBJC_MSGSEND = YES;
				ENABLE_TESTABILITY = YES;
				GCC_C_LANGUAGE_STANDARD = gnu11;
				GCC_DYNAMIC_NO_PIC = NO;
				GCC_NO_COMMON_BLOCKS = YES;
				GCC_OPTIMIZATION_LEVEL = 0;
				GCC_PREPROCESSOR_DEFINITIONS = (
					"DEBUG=1",
					"$(inherited)",
				);
				GCC_WARN_64_TO_32_BIT_CONVERSION = YES;
				GCC_WARN_ABOUT_RETURN_TYPE = YES_ERROR;
				GCC_WARN_UNDECLARED_SELECTOR = YES;
				GCC_WARN_UNINITIALIZED_AUTOS = YES_AGGRESSIVE;
				GCC_WARN_UNUSED_FUNCTION = YES;
				GCC_WARN_UNUSED_VARIABLE = YES;
				MTL_ENABLE_DEBUG_INFO = INCLUDE_SOURCE;
				MTL_FAST_MATH = YES;
				ONLY_ACTIVE_ARCH = YES;
				SWIFT_ACTIVE_COMPILATION_CONDITIONS = DEBUG;
				SWIFT_OPTIMIZATION_LEVEL = "-Onone";
			};
			name = Debug;
		};
		177E2B872828C7170088B3CB /* Release */ = {
			isa = XCBuildConfiguration;
			buildSettings = {
				ALWAYS_SEARCH_USER_PATHS = NO;
				CLANG_ANALYZER_NONNULL = YES;
				CLANG_ANALYZER_NUMBER_OBJECT_CONVERSION = YES_AGGRESSIVE;
				CLANG_CXX_LANGUAGE_STANDARD = "gnu++17";
				CLANG_ENABLE_MODULES = YES;
				CLANG_ENABLE_OBJC_ARC = YES;
				CLANG_ENABLE_OBJC_WEAK = YES;
				CLANG_WARN_BLOCK_CAPTURE_AUTORELEASING = YES;
				CLANG_WARN_BOOL_CONVERSION = YES;
				CLANG_WARN_COMMA = YES;
				CLANG_WARN_CONSTANT_CONVERSION = YES;
				CLANG_WARN_DEPRECATED_OBJC_IMPLEMENTATIONS = YES;
				CLANG_WARN_DIRECT_OBJC_ISA_USAGE = YES_ERROR;
				CLANG_WARN_DOCUMENTATION_COMMENTS = YES;
				CLANG_WARN_EMPTY_BODY = YES;
				CLANG_WARN_ENUM_CONVERSION = YES;
				CLANG_WARN_INFINITE_RECURSION = YES;
				CLANG_WARN_INT_CONVERSION = YES;
				CLANG_WARN_NON_LITERAL_NULL_CONVERSION = YES;
				CLANG_WARN_OBJC_IMPLICIT_RETAIN_SELF = YES;
				CLANG_WARN_OBJC_LITERAL_CONVERSION = YES;
				CLANG_WARN_OBJC_ROOT_CLASS = YES_ERROR;
				CLANG_WARN_QUOTED_INCLUDE_IN_FRAMEWORK_HEADER = YES;
				CLANG_WARN_RANGE_LOOP_ANALYSIS = YES;
				CLANG_WARN_STRICT_PROTOTYPES = YES;
				CLANG_WARN_SUSPICIOUS_MOVE = YES;
				CLANG_WARN_UNGUARDED_AVAILABILITY = YES_AGGRESSIVE;
				CLANG_WARN_UNREACHABLE_CODE = YES;
				CLANG_WARN__DUPLICATE_METHOD_MATCH = YES;
				COPY_PHASE_STRIP = NO;
				DEBUG_INFORMATION_FORMAT = "dwarf-with-dsym";
				ENABLE_NS_ASSERTIONS = NO;
				ENABLE_STRICT_OBJC_MSGSEND = YES;
				GCC_C_LANGUAGE_STANDARD = gnu11;
				GCC_NO_COMMON_BLOCKS = YES;
				GCC_WARN_64_TO_32_BIT_CONVERSION = YES;
				GCC_WARN_ABOUT_RETURN_TYPE = YES_ERROR;
				GCC_WARN_UNDECLARED_SELECTOR = YES;
				GCC_WARN_UNINITIALIZED_AUTOS = YES_AGGRESSIVE;
				GCC_WARN_UNUSED_FUNCTION = YES;
				GCC_WARN_UNUSED_VARIABLE = YES;
				MTL_ENABLE_DEBUG_INFO = NO;
				MTL_FAST_MATH = YES;
				SWIFT_COMPILATION_MODE = wholemodule;
				SWIFT_OPTIMIZATION_LEVEL = "-O";
			};
			name = Release;
		};
		177E2B892828C7170088B3CB /* Debug */ = {
			isa = XCBuildConfiguration;
			buildSettings = {
				ASSETCATALOG_COMPILER_APPICON_NAME = AppIcon;
				ASSETCATALOG_COMPILER_GLOBAL_ACCENT_COLOR_NAME = AccentColor;
				CODE_SIGN_STYLE = Automatic;
				CURRENT_PROJECT_VERSION = 1;
				ENABLE_PREVIEWS = YES;
				GENERATE_INFOPLIST_FILE = YES;
				INFOPLIST_KEY_UIApplicationSceneManifest_Generation = YES;
				INFOPLIST_KEY_UIApplicationSupportsIndirectInputEvents = YES;
				INFOPLIST_KEY_UILaunchScreen_Generation = YES;
				INFOPLIST_KEY_UISupportedInterfaceOrientations_iPad = "UIInterfaceOrientationPortrait UIInterfaceOrientationPortraitUpsideDown UIInterfaceOrientationLandscapeLeft UIInterfaceOrientationLandscapeRight";
				INFOPLIST_KEY_UISupportedInterfaceOrientations_iPhone = "UIInterfaceOrientationPortrait UIInterfaceOrientationLandscapeLeft UIInterfaceOrientationLandscapeRight";
				IPHONEOS_DEPLOYMENT_TARGET = 15.4;
				LD_RUNPATH_SEARCH_PATHS = (
					"$(inherited)",
					"@executable_path/Frameworks",
				);
				MARKETING_VERSION = 1.0;
				PRODUCT_BUNDLE_IDENTIFIER = "com.team8.KNU-Museum";
				PRODUCT_NAME = "KNU Museum";
				SDKROOT = iphoneos;
				SWIFT_EMIT_LOC_STRINGS = YES;
				SWIFT_VERSION = 5.0;
				TARGETED_DEVICE_FAMILY = "1,2";
			};
			name = Debug;
		};
		177E2B8A2828C7170088B3CB /* Release */ = {
			isa = XCBuildConfiguration;
			buildSettings = {
				ASSETCATALOG_COMPILER_APPICON_NAME = AppIcon;
				ASSETCATALOG_COMPILER_GLOBAL_ACCENT_COLOR_NAME = AccentColor;
				CODE_SIGN_STYLE = Automatic;
				CURRENT_PROJECT_VERSION = 1;
				ENABLE_PREVIEWS = YES;
				GENERATE_INFOPLIST_FILE = YES;
				INFOPLIST_KEY_UIApplicationSceneManifest_Generation = YES;
				INFOPLIST_KEY_UIApplicationSupportsIndirectInputEvents = YES;
				INFOPLIST_KEY_UILaunchScreen_Generation = YES;
				INFOPLIST_KEY_UISupportedInterfaceOrientations_iPad = "UIInterfaceOrientationPortrait UIInterfaceOrientationPortraitUpsideDown UIInterfaceOrientationLandscapeLeft UIInterfaceOrientationLandscapeRight";
				INFOPLIST_KEY_UISupportedInterfaceOrientations_iPhone = "UIInterfaceOrientationPortrait UIInterfaceOrientationLandscapeLeft UIInterfaceOrientationLandscapeRight";
				IPHONEOS_DEPLOYMENT_TARGET = 15.4;
				LD_RUNPATH_SEARCH_PATHS = (
					"$(inherited)",
					"@executable_path/Frameworks",
				);
				MARKETING_VERSION = 1.0;
				PRODUCT_BUNDLE_IDENTIFIER = "com.team8.KNU-Museum";
				PRODUCT_NAME = "KNU Museum";
				SDKROOT = iphoneos;
				SWIFT_EMIT_LOC_STRINGS = YES;
				SWIFT_VERSION = 5.0;
				TARGETED_DEVICE_FAMILY = "1,2";
				VALIDATE_PRODUCT = YES;
			};
			name = Release;
		};
		177E2B8C2828C7170088B3CB /* Debug */ = {
			isa = XCBuildConfiguration;
			buildSettings = {
				ASSETCATALOG_COMPILER_APPICON_NAME = AppIcon;
				ASSETCATALOG_COMPILER_GLOBAL_ACCENT_COLOR_NAME = AccentColor;
				CODE_SIGN_ENTITLEMENTS = macOS/macOS.entitlements;
				CODE_SIGN_STYLE = Automatic;
				COMBINE_HIDPI_IMAGES = YES;
				CURRENT_PROJECT_VERSION = 1;
				ENABLE_PREVIEWS = YES;
				GENERATE_INFOPLIST_FILE = YES;
				INFOPLIST_KEY_NSHumanReadableCopyright = "";
				LD_RUNPATH_SEARCH_PATHS = (
					"$(inherited)",
					"@executable_path/../Frameworks",
				);
				MACOSX_DEPLOYMENT_TARGET = 12.3;
				MARKETING_VERSION = 1.0;
				PRODUCT_BUNDLE_IDENTIFIER = "com.team8.KNU-Museum";
				PRODUCT_NAME = "KNU Museum";
				SDKROOT = macosx;
				SWIFT_EMIT_LOC_STRINGS = YES;
				SWIFT_VERSION = 5.0;
			};
			name = Debug;
		};
		177E2B8D2828C7170088B3CB /* Release */ = {
			isa = XCBuildConfiguration;
			buildSettings = {
				ASSETCATALOG_COMPILER_APPICON_NAME = AppIcon;
				ASSETCATALOG_COMPILER_GLOBAL_ACCENT_COLOR_NAME = AccentColor;
				CODE_SIGN_ENTITLEMENTS = macOS/macOS.entitlements;
				CODE_SIGN_STYLE = Automatic;
				COMBINE_HIDPI_IMAGES = YES;
				CURRENT_PROJECT_VERSION = 1;
				ENABLE_PREVIEWS = YES;
				GENERATE_INFOPLIST_FILE = YES;
				INFOPLIST_KEY_NSHumanReadableCopyright = "";
				LD_RUNPATH_SEARCH_PATHS = (
					"$(inherited)",
					"@executable_path/../Frameworks",
				);
				MACOSX_DEPLOYMENT_TARGET = 12.3;
				MARKETING_VERSION = 1.0;
				PRODUCT_BUNDLE_IDENTIFIER = "com.team8.KNU-Museum";
				PRODUCT_NAME = "KNU Museum";
				SDKROOT = macosx;
				SWIFT_EMIT_LOC_STRINGS = YES;
				SWIFT_VERSION = 5.0;
			};
			name = Release;
		};
/* End XCBuildConfiguration section */

/* Begin XCConfigurationList section */
		177E2B6E2828C7160088B3CB /* Build configuration list for PBXProject "KNU Museum" */ = {
			isa = XCConfigurationList;
			buildConfigurations = (
				177E2B862828C7170088B3CB /* Debug */,
				177E2B872828C7170088B3CB /* Release */,
			);
			defaultConfigurationIsVisible = 0;
			defaultConfigurationName = Release;
		};
		177E2B882828C7170088B3CB /* Build configuration list for PBXNativeTarget "KNU Museum (iOS)" */ = {
			isa = XCConfigurationList;
			buildConfigurations = (
				177E2B892828C7170088B3CB /* Debug */,
				177E2B8A2828C7170088B3CB /* Release */,
			);
			defaultConfigurationIsVisible = 0;
			defaultConfigurationName = Release;
		};
		177E2B8B2828C7170088B3CB /* Build configuration list for PBXNativeTarget "KNU Museum (macOS)" */ = {
			isa = XCConfigurationList;
			buildConfigurations = (
				177E2B8C2828C7170088B3CB /* Debug */,
				177E2B8D2828C7170088B3CB /* Release */,
			);
			defaultConfigurationIsVisible = 0;
			defaultConfigurationName = Release;
		};
/* End XCConfigurationList section */
	};
	rootObject = 177E2B6B2828C7160088B3CB /* Project object */;
}
